{
  "originHash" : "858ed363b5e7b8387f34bb4d4f41b42e1ca8ac1de38aa839572d04e282f30610",
  "pins" : [
    {
      "identity" : "player-sdk-ios",
      "kind" : "remoteSourceControl",
      "location" : "https://github.com/dailymotion/player-sdk-ios",
      "state" : {
        "revision" : "cbe02ccc5a2f9d1041fd554792b475a5faa534ab",
        "version" : "1.3.7"
      }
    }
  ],
  "version" : 3
}
